# @generated by Move, please check-in and do not edit manually.

[move]
version = 3
manifest_digest = "FA1DD75273B90A96A644F75E31611E88EEBCAEA9C321D0C5AA1AE40A544A897C"
deps_digest = "F8BBB0CCB2491CA29A3DF03D6F92277A4F3574266507ACD77214D37ECA3F3082"
dependencies = [
  { id = "One", name = "One" },
]

[[move.package]]
id = "MoveStdlib"
source = { git = "https://github.com/one-chain-labs/onechain.git", rev = "main", subdir = "crates/sui-framework/packages/move-stdlib" }

[[move.package]]
id = "One"
source = { git = "https://github.com/one-chain-labs/onechain.git", rev = "main", subdir = "crates/sui-framework/packages/one-framework" }

dependencies = [
  { id = "MoveStdlib", name = "MoveStdlib" },
]

[move.toolchain-version]
compiler-version = "1.0.1"
edition = "2024.beta"
flavor = "one"

[env]

[env.testnet]
chain-id = "1bd5c965"
original-published-id = "0xd57b1600b098ebc1f96b73a1cca8c00e0d658e405c0499ab72f19969c039a65b"
latest-published-id = "0xd57b1600b098ebc1f96b73a1cca8c00e0d658e405c0499ab72f19969c039a65b"
published-version = "1"
